
Microsoft Visual Studio Solution File, Format Version 12.00
# Visual Studio Version 17
VisualStudioVersion = 17.4.33205.214
MinimumVisualStudioVersion = 10.0.40219.1
Project("{FAE04EC0-301F-11D3-BF4B-00C04F79EFBC}") = "Project_PRN221", "Project_PRN221\Project_PRN221.csproj", "{CADA4C5D-5C99-4642-94AA-D7248CE88237}"
EndProject
Global
	GlobalSection(SolutionConfigurationPlatforms) = preSolution
		Debug|Any CPU = Debug|Any CPU
		Release|Any CPU = Release|Any CPU
	EndGlobalSection
	GlobalSection(ProjectConfigurationPlatforms) = postSolution
		{CADA4C5D-5C99-4642-94AA-D7248CE88237}.Debug|Any CPU.ActiveCfg = Debug|Any CPU
		{CADA4C5D-5C99-4642-94AA-D7248CE88237}.Debug|Any CPU.Build.0 = Debug|Any CPU
		{CADA4C5D-5C99-4642-94AA-D7248CE88237}.Release|Any CPU.ActiveCfg = Release|Any CPU
		{CADA4C5D-5C99-4642-94AA-D7248CE88237}.Release|Any CPU.Build.0 = Release|Any CPU
	EndGlobalSection
	GlobalSection(SolutionProperties) = preSolution
		HideSolutionNode = FALSE
	EndGlobalSection
	GlobalSection(ExtensibilityGlobals) = postSolution
		SolutionGuid = {F1FAF99D-D372-4276-AC0C-DE0C47665FB7}
	EndGlobalSection
EndGlobal
